Microsoft Visual Studio Solution File, Format Version 12.00
# Visual Studio Version 17
VisualStudioVersion = 17.5.2.0
MinimumVisualStudioVersion = 10.0.40219.1
Project("{2150E333-8FDC-42A3-9474-1A3956D46DE8}") = "azure ai", "azure ai", "{AC3DED5E-FB1E-EED4-0D53-D821740FC8D4}"
EndProject
Project("{FAE04EC0-301F-11D3-BF4B-00C04F79EFBC}") = "AzureAIApp", "azure ai\AzureAIApp\AzureAIApp.csproj", "{76613288-8E70-A340-6DB3-B9EC0D2827A5}"
EndProject
Global
	GlobalSection(SolutionConfigurationPlatforms) = preSolution
		Debug|Any CPU = Debug|Any CPU
		Release|Any CPU = Release|Any CPU
	EndGlobalSection
	GlobalSection(ProjectConfigurationPlatforms) = postSolution
		{76613288-8E70-A340-6DB3-B9EC0D2827A5}.Debug|Any CPU.ActiveCfg = Debug|Any CPU
		{76613288-8E70-A340-6DB3-B9EC0D2827A5}.Debug|Any CPU.Build.0 = Debug|Any CPU
		{76613288-8E70-A340-6DB3-B9EC0D2827A5}.Release|Any CPU.ActiveCfg = Release|Any CPU
		{76613288-8E70-A340-6DB3-B9EC0D2827A5}.Release|Any CPU.Build.0 = Release|Any CPU
	EndGlobalSection
	GlobalSection(SolutionProperties) = preSolution
		HideSolutionNode = FALSE
	EndGlobalSection
	GlobalSection(NestedProjects) = preSolution
		{76613288-8E70-A340-6DB3-B9EC0D2827A5} = {AC3DED5E-FB1E-EED4-0D53-D821740FC8D4}
	EndGlobalSection
	GlobalSection(ExtensibilityGlobals) = postSolution
		SolutionGuid = {41946A50-A233-4F6B-AC55-5B310CBCAAC4}
	EndGlobalSection
EndGlobal
